
Microsoft Visual Studio Solution File, Format Version 12.00
# Visual Studio 15
VisualStudioVersion = 15.0.28307.168
MinimumVisualStudioVersion = 10.0.40219.1
Project("{8BC9CEB8-8B4A-11D0-8D11-00A0C91BC942}") = "SafeCheck", "SafeCheck\SafeCheck.vcxproj", "{8BF67B46-7A0C-4E6C-9E9A-2A2F6434A9FC}"
EndProject
Project("{8BC9CEB8-8B4A-11D0-8D11-00A0C91BC942}") = "test（测试使用）", "test（测试使用）\test（测试使用）.vcxproj", "{43A68A9E-5E8F-4BC6-AA2A-FC9AB3627D8F}"
EndProject
Project("{8BC9CEB8-8B4A-11D0-8D11-00A0C91BC942}") = "Client", "Client\Client.vcxproj", "{76F440D7-63D4-4C7A-9435-EE8754DF38A7}"
EndProject
Global
	GlobalSection(SolutionConfigurationPlatforms) = preSolution
		Debug|x64 = Debug|x64
		Debug|x86 = Debug|x86
		Release|x64 = Release|x64
		Release|x86 = Release|x86
	EndGlobalSection
	GlobalSection(ProjectConfigurationPlatforms) = postSolution
		{8BF67B46-7A0C-4E6C-9E9A-2A2F6434A9FC}.Debug|x64.ActiveCfg = Debug|x64
		{8BF67B46-7A0C-4E6C-9E9A-2A2F6434A9FC}.Debug|x64.Build.0 = Debug|x64
		{8BF67B46-7A0C-4E6C-9E9A-2A2F6434A9FC}.Debug|x86.ActiveCfg = Debug|Win32
		{8BF67B46-7A0C-4E6C-9E9A-2A2F6434A9FC}.Debug|x86.Build.0 = Debug|Win32
		{8BF67B46-7A0C-4E6C-9E9A-2A2F6434A9FC}.Release|x64.ActiveCfg = Release|x64
		{8BF67B46-7A0C-4E6C-9E9A-2A2F6434A9FC}.Release|x64.Build.0 = Release|x64
		{8BF67B46-7A0C-4E6C-9E9A-2A2F6434A9FC}.Release|x86.ActiveCfg = Release|Win32
		{8BF67B46-7A0C-4E6C-9E9A-2A2F6434A9FC}.Release|x86.Build.0 = Release|Win32
		{43A68A9E-5E8F-4BC6-AA2A-FC9AB3627D8F}.Debug|x64.ActiveCfg = Debug|x64
		{43A68A9E-5E8F-4BC6-AA2A-FC9AB3627D8F}.Debug|x64.Build.0 = Debug|x64
		{43A68A9E-5E8F-4BC6-AA2A-FC9AB3627D8F}.Debug|x86.ActiveCfg = Debug|Win32
		{43A68A9E-5E8F-4BC6-AA2A-FC9AB3627D8F}.Debug|x86.Build.0 = Debug|Win32
		{43A68A9E-5E8F-4BC6-AA2A-FC9AB3627D8F}.Release|x64.ActiveCfg = Release|x64
		{43A68A9E-5E8F-4BC6-AA2A-FC9AB3627D8F}.Release|x64.Build.0 = Release|x64
		{43A68A9E-5E8F-4BC6-AA2A-FC9AB3627D8F}.Release|x86.ActiveCfg = Release|Win32
		{43A68A9E-5E8F-4BC6-AA2A-FC9AB3627D8F}.Release|x86.Build.0 = Release|Win32
		{76F440D7-63D4-4C7A-9435-EE8754DF38A7}.Debug|x64.ActiveCfg = Debug|x64
		{76F440D7-63D4-4C7A-9435-EE8754DF38A7}.Debug|x64.Build.0 = Debug|x64
		{76F440D7-63D4-4C7A-9435-EE8754DF38A7}.Debug|x86.ActiveCfg = Debug|Win32
		{76F440D7-63D4-4C7A-9435-EE8754DF38A7}.Debug|x86.Build.0 = Debug|Win32
		{76F440D7-63D4-4C7A-9435-EE8754DF38A7}.Release|x64.ActiveCfg = Release|x64
		{76F440D7-63D4-4C7A-9435-EE8754DF38A7}.Release|x64.Build.0 = Release|x64
		{76F440D7-63D4-4C7A-9435-EE8754DF38A7}.Release|x86.ActiveCfg = Release|Win32
		{76F440D7-63D4-4C7A-9435-EE8754DF38A7}.Release|x86.Build.0 = Release|Win32
	EndGlobalSection
	GlobalSection(SolutionProperties) = preSolution
		HideSolutionNode = FALSE
	EndGlobalSection
	GlobalSection(ExtensibilityGlobals) = postSolution
		SolutionGuid = {07DC3DBE-580A-4719-B5D8-018746FFD52D}
	EndGlobalSection
EndGlobal
